
Microsoft Visual Studio Solution File, Format Version 12.00
# Visual Studio Version 17
VisualStudioVersion = 17.4.33110.190
MinimumVisualStudioVersion = 10.0.40219.1
Project("{FAE04EC0-301F-11D3-BF4B-00C04F79EFBC}") = "TechnicalChallengeRomanNumeralsConverter", "TechnicalChallengeRomanNumeralsConverter.csproj", "{62C8396D-CAF5-4929-AF8F-B13BA93A548C}"
EndProject
Project("{FAE04EC0-301F-11D3-BF4B-00C04F79EFBC}") = "TechnicalChallengeRomanNumeralsConverterUnitTests", "..\TechnicalChallengeRomanNumeralsConverterUnitTests\TechnicalChallengeRomanNumeralsConverterUnitTests.csproj", "{5FD30507-669B-4CB6-9AF4-B8A40663A247}"
EndProject
Project("{FAE04EC0-301F-11D3-BF4B-00C04F79EFBC}") = "TechnicalChallengeRomanNumeralsConverterService", "..\TechnicalChallengeRomanNumeralsConverterService\TechnicalChallengeRomanNumeralsConverterService.csproj", "{D0ABAC67-CDDB-4519-9367-7A2A2EC81DDF}"
EndProject
Global
	GlobalSection(SolutionConfigurationPlatforms) = preSolution
		Debug|Any CPU = Debug|Any CPU
		Release|Any CPU = Release|Any CPU
	EndGlobalSection
	GlobalSection(ProjectConfigurationPlatforms) = postSolution
		{62C8396D-CAF5-4929-AF8F-B13BA93A548C}.Debug|Any CPU.ActiveCfg = Debug|Any CPU
		{62C8396D-CAF5-4929-AF8F-B13BA93A548C}.Debug|Any CPU.Build.0 = Debug|Any CPU
		{62C8396D-CAF5-4929-AF8F-B13BA93A548C}.Release|Any CPU.ActiveCfg = Release|Any CPU
		{62C8396D-CAF5-4929-AF8F-B13BA93A548C}.Release|Any CPU.Build.0 = Release|Any CPU
		{5FD30507-669B-4CB6-9AF4-B8A40663A247}.Debug|Any CPU.ActiveCfg = Debug|Any CPU
		{5FD30507-669B-4CB6-9AF4-B8A40663A247}.Debug|Any CPU.Build.0 = Debug|Any CPU
		{5FD30507-669B-4CB6-9AF4-B8A40663A247}.Release|Any CPU.ActiveCfg = Release|Any CPU
		{5FD30507-669B-4CB6-9AF4-B8A40663A247}.Release|Any CPU.Build.0 = Release|Any CPU
		{D0ABAC67-CDDB-4519-9367-7A2A2EC81DDF}.Debug|Any CPU.ActiveCfg = Debug|Any CPU
		{D0ABAC67-CDDB-4519-9367-7A2A2EC81DDF}.Debug|Any CPU.Build.0 = Debug|Any CPU
		{D0ABAC67-CDDB-4519-9367-7A2A2EC81DDF}.Release|Any CPU.ActiveCfg = Release|Any CPU
		{D0ABAC67-CDDB-4519-9367-7A2A2EC81DDF}.Release|Any CPU.Build.0 = Release|Any CPU
	EndGlobalSection
	GlobalSection(SolutionProperties) = preSolution
		HideSolutionNode = FALSE
	EndGlobalSection
	GlobalSection(ExtensibilityGlobals) = postSolution
		SolutionGuid = {C1A5BACC-EAFA-4F55-91D1-828A22CC94FE}
	EndGlobalSection
EndGlobal
